
Microsoft Visual Studio Solution File, Format Version 12.00
# Visual Studio 15
VisualStudioVersion = 15.0.28307.136
MinimumVisualStudioVersion = 10.0.40219.1
Project("{FAE04EC0-301F-11D3-BF4B-00C04F79EFBC}") = "ParallelFileCompression", "ParallelFileCompression\ParallelFileCompression.csproj", "{F1DE31D1-78A5-43AB-B2FA-0E2146A6BB6E}"
EndProject
Project("{FAE04EC0-301F-11D3-BF4B-00C04F79EFBC}") = "CompressionLib", "CompressionLib\CompressionLib.csproj", "{B39F93F8-3064-4213-9217-ADE803216314}"
EndProject
Project("{FAE04EC0-301F-11D3-BF4B-00C04F79EFBC}") = "ZipThreading", "ZipThreading\ZipThreading.csproj", "{26BCCCA2-B639-4306-95F1-16EC2D76370E}"
EndProject
Project("{FAE04EC0-301F-11D3-BF4B-00C04F79EFBC}") = "TestProject", "TestProject\TestProject.csproj", "{232ADCDD-4633-4C3D-A34C-031ED3C67FCF}"
EndProject
Global
	GlobalSection(SolutionConfigurationPlatforms) = preSolution
		Debug|Any CPU = Debug|Any CPU
		Release|Any CPU = Release|Any CPU
	EndGlobalSection
	GlobalSection(ProjectConfigurationPlatforms) = postSolution
		{F1DE31D1-78A5-43AB-B2FA-0E2146A6BB6E}.Debug|Any CPU.ActiveCfg = Debug|Any CPU
		{F1DE31D1-78A5-43AB-B2FA-0E2146A6BB6E}.Debug|Any CPU.Build.0 = Debug|Any CPU
		{F1DE31D1-78A5-43AB-B2FA-0E2146A6BB6E}.Release|Any CPU.ActiveCfg = Release|Any CPU
		{F1DE31D1-78A5-43AB-B2FA-0E2146A6BB6E}.Release|Any CPU.Build.0 = Release|Any CPU
		{B39F93F8-3064-4213-9217-ADE803216314}.Debug|Any CPU.ActiveCfg = Debug|Any CPU
		{B39F93F8-3064-4213-9217-ADE803216314}.Debug|Any CPU.Build.0 = Debug|Any CPU
		{B39F93F8-3064-4213-9217-ADE803216314}.Release|Any CPU.ActiveCfg = Release|Any CPU
		{B39F93F8-3064-4213-9217-ADE803216314}.Release|Any CPU.Build.0 = Release|Any CPU
		{26BCCCA2-B639-4306-95F1-16EC2D76370E}.Debug|Any CPU.ActiveCfg = Debug|Any CPU
		{26BCCCA2-B639-4306-95F1-16EC2D76370E}.Debug|Any CPU.Build.0 = Debug|Any CPU
		{26BCCCA2-B639-4306-95F1-16EC2D76370E}.Release|Any CPU.ActiveCfg = Release|Any CPU
		{26BCCCA2-B639-4306-95F1-16EC2D76370E}.Release|Any CPU.Build.0 = Release|Any CPU
		{232ADCDD-4633-4C3D-A34C-031ED3C67FCF}.Debug|Any CPU.ActiveCfg = Debug|Any CPU
		{232ADCDD-4633-4C3D-A34C-031ED3C67FCF}.Debug|Any CPU.Build.0 = Debug|Any CPU
		{232ADCDD-4633-4C3D-A34C-031ED3C67FCF}.Release|Any CPU.ActiveCfg = Release|Any CPU
		{232ADCDD-4633-4C3D-A34C-031ED3C67FCF}.Release|Any CPU.Build.0 = Release|Any CPU
	EndGlobalSection
	GlobalSection(SolutionProperties) = preSolution
		HideSolutionNode = FALSE
	EndGlobalSection
	GlobalSection(ExtensibilityGlobals) = postSolution
		SolutionGuid = {59A609D8-C946-41C9-83C7-67BDD3CF5835}
	EndGlobalSection
EndGlobal
